version: 2.0
shards:
  action-controller:
    git: https://github.com/spider-gazelle/action-controller.git
    version: 4.3.5

  active-model:
    git: https://github.com/spider-gazelle/active-model.git
    version: 3.0.0

  ameba:
    git: https://github.com/veelenga/ameba.git
    version: 0.14.2

  future:
    git: https://github.com/crystal-community/future.cr.git
    version: 1.0.0

  habitat:
    git: https://github.com/luckyframework/habitat.git
    version: 0.4.7

  http-params-serializable:
    git: https://github.com/caspiano/http-params-serializable.git
    version: 0.4.1+git.commit.c87119117af3d2db11af22ad799ccf77072e6a8b

  json_mapping:
    git: https://github.com/crystal-lang/json_mapping.cr.git
    version: 0.1.0

  kilt:
    git: https://github.com/jeromegn/kilt.git
    version: 0.6.1

  lucky_router:
    git: https://github.com/luckyframework/lucky_router.git
    version: 0.4.2

  secrets-env:
    git: https://github.com/place-labs/secrets-env.git
    version: 1.3.1

  yaml_mapping:
    git: https://github.com/crystal-lang/yaml_mapping.cr.git
    version: 0.1.0

