version: 2.0
shards:
  action-controller:
    git: https://github.com/spider-gazelle/action-controller.git
    version: 3.5.2

  active-model:
    git: https://github.com/spider-gazelle/active-model.git
    version: 2.0.4

  ameba:
    git: https://github.com/veelenga/ameba.git
    version: 0.14.1

  future:
    git: https://github.com/crystal-community/future.cr.git
    version: 0.1.0

  habitat:
    git: https://github.com/luckyframework/habitat.git
    version: 0.4.6

  http-params-serializable:
    git: https://github.com/caspiano/http-params-serializable.git
    version: 0.4.1+git.commit.1610a206f676269c1b862281cda3ed82548ced34

  json_mapping:
    git: https://github.com/crystal-lang/json_mapping.cr.git
    version: 0.1.0

  kilt:
    git: https://github.com/jeromegn/kilt.git
    version: 0.6.0

  lucky_router:
    git: https://github.com/luckyframework/lucky_router.git
    version: 0.4.1

  secrets-env:
    git: https://github.com/place-labs/secrets-env.git
    version: 1.3.1

  yaml_mapping:
    git: https://github.com/crystal-lang/yaml_mapping.cr.git
    version: 0.1.0

